
Microsoft Visual Studio Solution File, Format Version 12.00
# Visual Studio 15
VisualStudioVersion = 15.0.28307.421
MinimumVisualStudioVersion = 10.0.40219.1
Project("{FAE04EC0-301F-11D3-BF4B-00C04F79EFBC}") = "festival", "festival\festival.csproj", "{B84B923D-CC70-4972-BC34-BFE10722C7DF}"
EndProject
Global
	GlobalSection(SolutionConfigurationPlatforms) = preSolution
		Debug|Any CPU = Debug|Any CPU
		Release|Any CPU = Release|Any CPU
	EndGlobalSection
	GlobalSection(ProjectConfigurationPlatforms) = postSolution
		{B84B923D-CC70-4972-BC34-BFE10722C7DF}.Debug|Any CPU.ActiveCfg = Debug|Any CPU
		{B84B923D-CC70-4972-BC34-BFE10722C7DF}.Debug|Any CPU.Build.0 = Debug|Any CPU
		{B84B923D-CC70-4972-BC34-BFE10722C7DF}.Release|Any CPU.ActiveCfg = Release|Any CPU
		{B84B923D-CC70-4972-BC34-BFE10722C7DF}.Release|Any CPU.Build.0 = Release|Any CPU
	EndGlobalSection
	GlobalSection(SolutionProperties) = preSolution
		HideSolutionNode = FALSE
	EndGlobalSection
	GlobalSection(ExtensibilityGlobals) = postSolution
		SolutionGuid = {6A1EB25F-9664-4C79-9CCB-1DF4C959170B}
	EndGlobalSection
EndGlobal
